
Microsoft Visual Studio Solution File, Format Version 12.00
# Visual Studio 15
VisualStudioVersion = 15.0.27130.2024
MinimumVisualStudioVersion = 10.0.40219.1
Project("{FAE04EC0-301F-11D3-BF4B-00C04F79EFBC}") = "TesteSlack", "TesteSlack\TesteSlack.csproj", "{D1E23D3F-41D2-4725-8F84-87006927AD7E}"
EndProject
Global
	GlobalSection(SolutionConfigurationPlatforms) = preSolution
		Debug|Any CPU = Debug|Any CPU
		Release|Any CPU = Release|Any CPU
	EndGlobalSection
	GlobalSection(ProjectConfigurationPlatforms) = postSolution
		{D1E23D3F-41D2-4725-8F84-87006927AD7E}.Debug|Any CPU.ActiveCfg = Debug|Any CPU
		{D1E23D3F-41D2-4725-8F84-87006927AD7E}.Debug|Any CPU.Build.0 = Debug|Any CPU
		{D1E23D3F-41D2-4725-8F84-87006927AD7E}.Release|Any CPU.ActiveCfg = Release|Any CPU
		{D1E23D3F-41D2-4725-8F84-87006927AD7E}.Release|Any CPU.Build.0 = Release|Any CPU
	EndGlobalSection
	GlobalSection(SolutionProperties) = preSolution
		HideSolutionNode = FALSE
	EndGlobalSection
	GlobalSection(ExtensibilityGlobals) = postSolution
		SolutionGuid = {3A88E904-2F85-44A9-AB12-60A8BDE975D5}
	EndGlobalSection
EndGlobal
